
Microsoft Visual Studio Solution File, Format Version 10.00
# Visual Studio 2008
Project("{FAE04EC0-301F-11D3-BF4B-00C04F79EFBC}") = "Srushti.AppUpdater", "Srushti.AppUpdater.csproj", "{A754C92C-00DF-48C0-8341-132BC8FAEEF2}"
EndProject
Global
	GlobalSection(SourceCodeControl) = preSolution
		SccNumberOfProjects = 1
		SccProjectUniqueName0 = Srushti.AppUpdater.csproj
		SccProjectName0 = \u0022$/QQPro/QuickQuestPro/QuickQuestCE/QuickQuestUpdater\u0022,\u0020BUIBAAAA
		SccLocalPath0 = .
		SccProvider0 = MSSCCI:Microsoft\u0020Visual\u0020SourceSafe
	EndGlobalSection
	GlobalSection(SolutionConfigurationPlatforms) = preSolution
		Debug|Any CPU = Debug|Any CPU
		Release|Any CPU = Release|Any CPU
	EndGlobalSection
	GlobalSection(ProjectConfigurationPlatforms) = postSolution
		{A754C92C-00DF-48C0-8341-132BC8FAEEF2}.Debug|Any CPU.ActiveCfg = Debug|Any CPU
		{A754C92C-00DF-48C0-8341-132BC8FAEEF2}.Debug|Any CPU.Build.0 = Debug|Any CPU
		{A754C92C-00DF-48C0-8341-132BC8FAEEF2}.Release|Any CPU.ActiveCfg = Release|Any CPU
		{A754C92C-00DF-48C0-8341-132BC8FAEEF2}.Release|Any CPU.Build.0 = Release|Any CPU
	EndGlobalSection
	GlobalSection(SolutionProperties) = preSolution
		HideSolutionNode = FALSE
	EndGlobalSection
EndGlobal
